
Microsoft Visual Studio Solution File, Format Version 12.00
# Visual Studio 15
VisualStudioVersion = 15.0.26228.9
MinimumVisualStudioVersion = 10.0.40219.1
Project("{8BC9CEB8-8B4A-11D0-8D11-00A0C91BC942}") = "Microsoft.Research.Input.Gaze", "Microsoft.Research.Input.Gaze\Microsoft.Research.Input.Gaze.vcxproj", "{A5E98964-45B1-442D-A07A-298A3221D81E}"
EndProject
Project("{FAE04EC0-301F-11D3-BF4B-00C04F79EFBC}") = "GazeInputTest", "GazeInputTest\GazeInputTest.csproj", "{A122EA02-4DE7-413D-BFBF-AF7DFC668DD6}"
EndProject
Project("{FAE04EC0-301F-11D3-BF4B-00C04F79EFBC}") = "MinAAC", "MinAAC\MinAAC.csproj", "{E517B2E1-D6D9-49BD-8CAF-5371143CF6C2}"
EndProject
Project("{2150E333-8FDC-42A3-9474-1A3956D46DE8}") = "Games", "Games", "{63D34804-3752-4A32-B282-239553D08276}"
EndProject
Project("{FAE04EC0-301F-11D3-BF4B-00C04F79EFBC}") = "Fifteen", "Games\Fifteen\Fifteen.csproj", "{9107A7FF-42DD-4128-9AE0-6EEBFF1EA4E2}"
EndProject
Project("{FAE04EC0-301F-11D3-BF4B-00C04F79EFBC}") = "Memory", "Games\Memory\Memory.csproj", "{8D06B06E-A7AF-46D4-9E03-37661920F89A}"
EndProject
Project("{FAE04EC0-301F-11D3-BF4B-00C04F79EFBC}") = "SeeSaw", "SeeSaw\SeeSaw.csproj", "{71D93D66-8048-4190-8B94-404B80CE542C}"
EndProject
Global
	GlobalSection(SolutionConfigurationPlatforms) = preSolution
		Debug|ARM = Debug|ARM
		Debug|x64 = Debug|x64
		Debug|x86 = Debug|x86
		Release|ARM = Release|ARM
		Release|x64 = Release|x64
		Release|x86 = Release|x86
	EndGlobalSection
	GlobalSection(ProjectConfigurationPlatforms) = postSolution
		{A5E98964-45B1-442D-A07A-298A3221D81E}.Debug|ARM.ActiveCfg = Debug|ARM
		{A5E98964-45B1-442D-A07A-298A3221D81E}.Debug|ARM.Build.0 = Debug|ARM
		{A5E98964-45B1-442D-A07A-298A3221D81E}.Debug|x64.ActiveCfg = Debug|x64
		{A5E98964-45B1-442D-A07A-298A3221D81E}.Debug|x64.Build.0 = Debug|x64
		{A5E98964-45B1-442D-A07A-298A3221D81E}.Debug|x86.ActiveCfg = Debug|Win32
		{A5E98964-45B1-442D-A07A-298A3221D81E}.Debug|x86.Build.0 = Debug|Win32
		{A5E98964-45B1-442D-A07A-298A3221D81E}.Release|ARM.ActiveCfg = Release|ARM
		{A5E98964-45B1-442D-A07A-298A3221D81E}.Release|ARM.Build.0 = Release|ARM
		{A5E98964-45B1-442D-A07A-298A3221D81E}.Release|x64.ActiveCfg = Release|x64
		{A5E98964-45B1-442D-A07A-298A3221D81E}.Release|x64.Build.0 = Release|x64
		{A5E98964-45B1-442D-A07A-298A3221D81E}.Release|x86.ActiveCfg = Release|Win32
		{A5E98964-45B1-442D-A07A-298A3221D81E}.Release|x86.Build.0 = Release|Win32
		{A122EA02-4DE7-413D-BFBF-AF7DFC668DD6}.Debug|ARM.ActiveCfg = Debug|ARM
		{A122EA02-4DE7-413D-BFBF-AF7DFC668DD6}.Debug|ARM.Build.0 = Debug|ARM
		{A122EA02-4DE7-413D-BFBF-AF7DFC668DD6}.Debug|ARM.Deploy.0 = Debug|ARM
		{A122EA02-4DE7-413D-BFBF-AF7DFC668DD6}.Debug|x64.ActiveCfg = Debug|x64
		{A122EA02-4DE7-413D-BFBF-AF7DFC668DD6}.Debug|x64.Build.0 = Debug|x64
		{A122EA02-4DE7-413D-BFBF-AF7DFC668DD6}.Debug|x64.Deploy.0 = Debug|x64
		{A122EA02-4DE7-413D-BFBF-AF7DFC668DD6}.Debug|x86.ActiveCfg = Debug|x86
		{A122EA02-4DE7-413D-BFBF-AF7DFC668DD6}.Debug|x86.Build.0 = Debug|x86
		{A122EA02-4DE7-413D-BFBF-AF7DFC668DD6}.Debug|x86.Deploy.0 = Debug|x86
		{A122EA02-4DE7-413D-BFBF-AF7DFC668DD6}.Release|ARM.ActiveCfg = Release|ARM
		{A122EA02-4DE7-413D-BFBF-AF7DFC668DD6}.Release|ARM.Build.0 = Release|ARM
		{A122EA02-4DE7-413D-BFBF-AF7DFC668DD6}.Release|ARM.Deploy.0 = Release|ARM
		{A122EA02-4DE7-413D-BFBF-AF7DFC668DD6}.Release|x64.ActiveCfg = Release|x64
		{A122EA02-4DE7-413D-BFBF-AF7DFC668DD6}.Release|x64.Build.0 = Release|x64
		{A122EA02-4DE7-413D-BFBF-AF7DFC668DD6}.Release|x64.Deploy.0 = Release|x64
		{A122EA02-4DE7-413D-BFBF-AF7DFC668DD6}.Release|x86.ActiveCfg = Release|x86
		{A122EA02-4DE7-413D-BFBF-AF7DFC668DD6}.Release|x86.Build.0 = Release|x86
		{A122EA02-4DE7-413D-BFBF-AF7DFC668DD6}.Release|x86.Deploy.0 = Release|x86
		{E517B2E1-D6D9-49BD-8CAF-5371143CF6C2}.Debug|ARM.ActiveCfg = Debug|ARM
		{E517B2E1-D6D9-49BD-8CAF-5371143CF6C2}.Debug|ARM.Build.0 = Debug|ARM
		{E517B2E1-D6D9-49BD-8CAF-5371143CF6C2}.Debug|ARM.Deploy.0 = Debug|ARM
		{E517B2E1-D6D9-49BD-8CAF-5371143CF6C2}.Debug|x64.ActiveCfg = Debug|x64
		{E517B2E1-D6D9-49BD-8CAF-5371143CF6C2}.Debug|x64.Build.0 = Debug|x64
		{E517B2E1-D6D9-49BD-8CAF-5371143CF6C2}.Debug|x64.Deploy.0 = Debug|x64
		{E517B2E1-D6D9-49BD-8CAF-5371143CF6C2}.Debug|x86.ActiveCfg = Debug|x86
		{E517B2E1-D6D9-49BD-8CAF-5371143CF6C2}.Debug|x86.Build.0 = Debug|x86
		{E517B2E1-D6D9-49BD-8CAF-5371143CF6C2}.Debug|x86.Deploy.0 = Debug|x86
		{E517B2E1-D6D9-49BD-8CAF-5371143CF6C2}.Release|ARM.ActiveCfg = Release|ARM
		{E517B2E1-D6D9-49BD-8CAF-5371143CF6C2}.Release|ARM.Build.0 = Release|ARM
		{E517B2E1-D6D9-49BD-8CAF-5371143CF6C2}.Release|ARM.Deploy.0 = Release|ARM
		{E517B2E1-D6D9-49BD-8CAF-5371143CF6C2}.Release|x64.ActiveCfg = Release|x64
		{E517B2E1-D6D9-49BD-8CAF-5371143CF6C2}.Release|x64.Build.0 = Release|x64
		{E517B2E1-D6D9-49BD-8CAF-5371143CF6C2}.Release|x64.Deploy.0 = Release|x64
		{E517B2E1-D6D9-49BD-8CAF-5371143CF6C2}.Release|x86.ActiveCfg = Release|x86
		{E517B2E1-D6D9-49BD-8CAF-5371143CF6C2}.Release|x86.Build.0 = Release|x86
		{E517B2E1-D6D9-49BD-8CAF-5371143CF6C2}.Release|x86.Deploy.0 = Release|x86
		{9107A7FF-42DD-4128-9AE0-6EEBFF1EA4E2}.Debug|ARM.ActiveCfg = Debug|ARM
		{9107A7FF-42DD-4128-9AE0-6EEBFF1EA4E2}.Debug|ARM.Build.0 = Debug|ARM
		{9107A7FF-42DD-4128-9AE0-6EEBFF1EA4E2}.Debug|ARM.Deploy.0 = Debug|ARM
		{9107A7FF-42DD-4128-9AE0-6EEBFF1EA4E2}.Debug|x64.ActiveCfg = Debug|x64
		{9107A7FF-42DD-4128-9AE0-6EEBFF1EA4E2}.Debug|x64.Build.0 = Debug|x64
		{9107A7FF-42DD-4128-9AE0-6EEBFF1EA4E2}.Debug|x64.Deploy.0 = Debug|x64
		{9107A7FF-42DD-4128-9AE0-6EEBFF1EA4E2}.Debug|x86.ActiveCfg = Debug|x86
		{9107A7FF-42DD-4128-9AE0-6EEBFF1EA4E2}.Debug|x86.Build.0 = Debug|x86
		{9107A7FF-42DD-4128-9AE0-6EEBFF1EA4E2}.Debug|x86.Deploy.0 = Debug|x86
		{9107A7FF-42DD-4128-9AE0-6EEBFF1EA4E2}.Release|ARM.ActiveCfg = Release|ARM
		{9107A7FF-42DD-4128-9AE0-6EEBFF1EA4E2}.Release|ARM.Build.0 = Release|ARM
		{9107A7FF-42DD-4128-9AE0-6EEBFF1EA4E2}.Release|ARM.Deploy.0 = Release|ARM
		{9107A7FF-42DD-4128-9AE0-6EEBFF1EA4E2}.Release|x64.ActiveCfg = Release|x64
		{9107A7FF-42DD-4128-9AE0-6EEBFF1EA4E2}.Release|x64.Build.0 = Release|x64
		{9107A7FF-42DD-4128-9AE0-6EEBFF1EA4E2}.Release|x64.Deploy.0 = Release|x64
		{9107A7FF-42DD-4128-9AE0-6EEBFF1EA4E2}.Release|x86.ActiveCfg = Release|x86
		{9107A7FF-42DD-4128-9AE0-6EEBFF1EA4E2}.Release|x86.Build.0 = Release|x86
		{9107A7FF-42DD-4128-9AE0-6EEBFF1EA4E2}.Release|x86.Deploy.0 = Release|x86
		{8D06B06E-A7AF-46D4-9E03-37661920F89A}.Debug|ARM.ActiveCfg = Debug|ARM
		{8D06B06E-A7AF-46D4-9E03-37661920F89A}.Debug|ARM.Build.0 = Debug|ARM
		{8D06B06E-A7AF-46D4-9E03-37661920F89A}.Debug|ARM.Deploy.0 = Debug|ARM
		{8D06B06E-A7AF-46D4-9E03-37661920F89A}.Debug|x64.ActiveCfg = Debug|x64
		{8D06B06E-A7AF-46D4-9E03-37661920F89A}.Debug|x64.Build.0 = Debug|x64
		{8D06B06E-A7AF-46D4-9E03-37661920F89A}.Debug|x64.Deploy.0 = Debug|x64
		{8D06B06E-A7AF-46D4-9E03-37661920F89A}.Debug|x86.ActiveCfg = Debug|x86
		{8D06B06E-A7AF-46D4-9E03-37661920F89A}.Debug|x86.Build.0 = Debug|x86
		{8D06B06E-A7AF-46D4-9E03-37661920F89A}.Debug|x86.Deploy.0 = Debug|x86
		{8D06B06E-A7AF-46D4-9E03-37661920F89A}.Release|ARM.ActiveCfg = Release|ARM
		{8D06B06E-A7AF-46D4-9E03-37661920F89A}.Release|ARM.Build.0 = Release|ARM
		{8D06B06E-A7AF-46D4-9E03-37661920F89A}.Release|ARM.Deploy.0 = Release|ARM
		{8D06B06E-A7AF-46D4-9E03-37661920F89A}.Release|x64.ActiveCfg = Release|x64
		{8D06B06E-A7AF-46D4-9E03-37661920F89A}.Release|x64.Build.0 = Release|x64
		{8D06B06E-A7AF-46D4-9E03-37661920F89A}.Release|x64.Deploy.0 = Release|x64
		{8D06B06E-A7AF-46D4-9E03-37661920F89A}.Release|x86.ActiveCfg = Release|x86
		{8D06B06E-A7AF-46D4-9E03-37661920F89A}.Release|x86.Build.0 = Release|x86
		{8D06B06E-A7AF-46D4-9E03-37661920F89A}.Release|x86.Deploy.0 = Release|x86
		{71D93D66-8048-4190-8B94-404B80CE542C}.Debug|ARM.ActiveCfg = Debug|ARM
		{71D93D66-8048-4190-8B94-404B80CE542C}.Debug|ARM.Build.0 = Debug|ARM
		{71D93D66-8048-4190-8B94-404B80CE542C}.Debug|ARM.Deploy.0 = Debug|ARM
		{71D93D66-8048-4190-8B94-404B80CE542C}.Debug|x64.ActiveCfg = Debug|x64
		{71D93D66-8048-4190-8B94-404B80CE542C}.Debug|x64.Build.0 = Debug|x64
		{71D93D66-8048-4190-8B94-404B80CE542C}.Debug|x64.Deploy.0 = Debug|x64
		{71D93D66-8048-4190-8B94-404B80CE542C}.Debug|x86.ActiveCfg = Debug|x86
		{71D93D66-8048-4190-8B94-404B80CE542C}.Debug|x86.Build.0 = Debug|x86
		{71D93D66-8048-4190-8B94-404B80CE542C}.Debug|x86.Deploy.0 = Debug|x86
		{71D93D66-8048-4190-8B94-404B80CE542C}.Release|ARM.ActiveCfg = Release|ARM
		{71D93D66-8048-4190-8B94-404B80CE542C}.Release|ARM.Build.0 = Release|ARM
		{71D93D66-8048-4190-8B94-404B80CE542C}.Release|ARM.Deploy.0 = Release|ARM
		{71D93D66-8048-4190-8B94-404B80CE542C}.Release|x64.ActiveCfg = Release|x64
		{71D93D66-8048-4190-8B94-404B80CE542C}.Release|x64.Build.0 = Release|x64
		{71D93D66-8048-4190-8B94-404B80CE542C}.Release|x64.Deploy.0 = Release|x64
		{71D93D66-8048-4190-8B94-404B80CE542C}.Release|x86.ActiveCfg = Release|x86
		{71D93D66-8048-4190-8B94-404B80CE542C}.Release|x86.Build.0 = Release|x86
		{71D93D66-8048-4190-8B94-404B80CE542C}.Release|x86.Deploy.0 = Release|x86
	EndGlobalSection
	GlobalSection(SolutionProperties) = preSolution
		HideSolutionNode = FALSE
	EndGlobalSection
	GlobalSection(NestedProjects) = preSolution
		{9107A7FF-42DD-4128-9AE0-6EEBFF1EA4E2} = {63D34804-3752-4A32-B282-239553D08276}
		{8D06B06E-A7AF-46D4-9E03-37661920F89A} = {63D34804-3752-4A32-B282-239553D08276}
	EndGlobalSection
	GlobalSection(ExtensibilityGlobals) = postSolution
		SolutionGuid = {BFE963A0-B319-42F1-8A82-A2C425F87FE9}
	EndGlobalSection
EndGlobal
