
Microsoft Visual Studio Solution File, Format Version 12.00
# Visual Studio 15
VisualStudioVersion = 15.0.27004.2002
MinimumVisualStudioVersion = 10.0.40219.1
Project("{8BC9CEB8-8B4A-11D0-8D11-00A0C91BC942}") = "Microsoft.Research.Input.Gaze", "Microsoft.Research.Input.Gaze\Microsoft.Research.Input.Gaze.vcxproj", "{A5E98964-45B1-442D-A07A-298A3221D81E}"
EndProject
Project("{FAE04EC0-301F-11D3-BF4B-00C04F79EFBC}") = "GazeInputTest", "GazeInputTest\GazeInputTest.csproj", "{A122EA02-4DE7-413D-BFBF-AF7DFC668DD6}"
EndProject
Global
	GlobalSection(SolutionConfigurationPlatforms) = preSolution
		Debug|ARM = Debug|ARM
		Debug|x64 = Debug|x64
		Debug|x86 = Debug|x86
		Release|ARM = Release|ARM
		Release|x64 = Release|x64
		Release|x86 = Release|x86
	EndGlobalSection
	GlobalSection(ProjectConfigurationPlatforms) = postSolution
		{A5E98964-45B1-442D-A07A-298A3221D81E}.Debug|ARM.ActiveCfg = Debug|ARM
		{A5E98964-45B1-442D-A07A-298A3221D81E}.Debug|ARM.Build.0 = Debug|ARM
		{A5E98964-45B1-442D-A07A-298A3221D81E}.Debug|x64.ActiveCfg = Debug|x64
		{A5E98964-45B1-442D-A07A-298A3221D81E}.Debug|x64.Build.0 = Debug|x64
		{A5E98964-45B1-442D-A07A-298A3221D81E}.Debug|x86.ActiveCfg = Debug|Win32
		{A5E98964-45B1-442D-A07A-298A3221D81E}.Debug|x86.Build.0 = Debug|Win32
		{A5E98964-45B1-442D-A07A-298A3221D81E}.Release|ARM.ActiveCfg = Release|ARM
		{A5E98964-45B1-442D-A07A-298A3221D81E}.Release|ARM.Build.0 = Release|ARM
		{A5E98964-45B1-442D-A07A-298A3221D81E}.Release|x64.ActiveCfg = Release|x64
		{A5E98964-45B1-442D-A07A-298A3221D81E}.Release|x64.Build.0 = Release|x64
		{A5E98964-45B1-442D-A07A-298A3221D81E}.Release|x86.ActiveCfg = Release|Win32
		{A5E98964-45B1-442D-A07A-298A3221D81E}.Release|x86.Build.0 = Release|Win32
		{A122EA02-4DE7-413D-BFBF-AF7DFC668DD6}.Debug|ARM.ActiveCfg = Debug|ARM
		{A122EA02-4DE7-413D-BFBF-AF7DFC668DD6}.Debug|ARM.Build.0 = Debug|ARM
		{A122EA02-4DE7-413D-BFBF-AF7DFC668DD6}.Debug|ARM.Deploy.0 = Debug|ARM
		{A122EA02-4DE7-413D-BFBF-AF7DFC668DD6}.Debug|x64.ActiveCfg = Debug|x64
		{A122EA02-4DE7-413D-BFBF-AF7DFC668DD6}.Debug|x64.Build.0 = Debug|x64
		{A122EA02-4DE7-413D-BFBF-AF7DFC668DD6}.Debug|x64.Deploy.0 = Debug|x64
		{A122EA02-4DE7-413D-BFBF-AF7DFC668DD6}.Debug|x86.ActiveCfg = Debug|x86
		{A122EA02-4DE7-413D-BFBF-AF7DFC668DD6}.Debug|x86.Build.0 = Debug|x86
		{A122EA02-4DE7-413D-BFBF-AF7DFC668DD6}.Debug|x86.Deploy.0 = Debug|x86
		{A122EA02-4DE7-413D-BFBF-AF7DFC668DD6}.Release|ARM.ActiveCfg = Release|ARM
		{A122EA02-4DE7-413D-BFBF-AF7DFC668DD6}.Release|ARM.Build.0 = Release|ARM
		{A122EA02-4DE7-413D-BFBF-AF7DFC668DD6}.Release|ARM.Deploy.0 = Release|ARM
		{A122EA02-4DE7-413D-BFBF-AF7DFC668DD6}.Release|x64.ActiveCfg = Release|x64
		{A122EA02-4DE7-413D-BFBF-AF7DFC668DD6}.Release|x64.Build.0 = Release|x64
		{A122EA02-4DE7-413D-BFBF-AF7DFC668DD6}.Release|x64.Deploy.0 = Release|x64
		{A122EA02-4DE7-413D-BFBF-AF7DFC668DD6}.Release|x86.ActiveCfg = Release|x86
		{A122EA02-4DE7-413D-BFBF-AF7DFC668DD6}.Release|x86.Build.0 = Release|x86
		{A122EA02-4DE7-413D-BFBF-AF7DFC668DD6}.Release|x86.Deploy.0 = Release|x86
	EndGlobalSection
	GlobalSection(SolutionProperties) = preSolution
		HideSolutionNode = FALSE
	EndGlobalSection
	GlobalSection(ExtensibilityGlobals) = postSolution
		SolutionGuid = {BFE963A0-B319-42F1-8A82-A2C425F87FE9}
	EndGlobalSection
EndGlobal
