
Microsoft Visual Studio Solution File, Format Version 12.00
# Visual Studio 15
VisualStudioVersion = 15.0.27004.2005
MinimumVisualStudioVersion = 10.0.40219.1
Project("{FAE04EC0-301F-11D3-BF4B-00C04F79EFBC}") = "MinAAC", "Apps\MinAAC\MinAAC.csproj", "{E517B2E1-D6D9-49BD-8CAF-5371143CF6C2}"
EndProject
Project("{2150E333-8FDC-42A3-9474-1A3956D46DE8}") = "Games", "Games", "{63D34804-3752-4A32-B282-239553D08276}"
EndProject
Project("{FAE04EC0-301F-11D3-BF4B-00C04F79EFBC}") = "Fifteen", "Games\Fifteen\Fifteen.csproj", "{9107A7FF-42DD-4128-9AE0-6EEBFF1EA4E2}"
EndProject
Project("{FAE04EC0-301F-11D3-BF4B-00C04F79EFBC}") = "SeeSaw", "Apps\SeeSaw\SeeSaw.csproj", "{71D93D66-8048-4190-8B94-404B80CE542C}"
EndProject
Project("{FAE04EC0-301F-11D3-BF4B-00C04F79EFBC}") = "Memory", "Games\Memory\Memory.csproj", "{8D06B06E-A7AF-46D4-9E03-37661920F89A}"
EndProject
Project("{FAE04EC0-301F-11D3-BF4B-00C04F79EFBC}") = "Phrasor", "Apps\Phrasor\Phrasor.csproj", "{815DC811-1B36-4B60-AE29-1F5F25FB41DC}"
EndProject
Project("{FAE04EC0-301F-11D3-BF4B-00C04F79EFBC}") = "EyeGazeUserControls", "EyeGazeUserControls\EyeGazeUserControls.csproj", "{5234ACC2-814B-4232-8647-7142E74B9295}"
EndProject
Project("{FAE04EC0-301F-11D3-BF4B-00C04F79EFBC}") = "ControlTest", "Tools\ControlTest\ControlTest.csproj", "{AA96C0A0-0202-43C1-BD35-4F70D23BE8ED}"
EndProject
Project("{2150E333-8FDC-42A3-9474-1A3956D46DE8}") = "Apps", "Apps", "{6111DFA8-1B3F-447F-BF12-50569369933F}"
EndProject
Project("{2150E333-8FDC-42A3-9474-1A3956D46DE8}") = "Tools", "Tools", "{B15AA40C-BB1A-4718-9F6E-4E20008C1D9A}"
EndProject
Project("{FAE04EC0-301F-11D3-BF4B-00C04F79EFBC}") = "EyeControlToolkitSettings", "Tools\EyeControlToolkitSettings\EyeControlToolkitSettings.csproj", "{7C684468-F4C8-453E-8A8D-E107B2088908}"
EndProject
Project("{FAE04EC0-301F-11D3-BF4B-00C04F79EFBC}") = "Positioning", "tools\Positioning\Positioning.csproj", "{D2E1C5D4-BD90-4652-84C7-4B43B5A8D945}"
EndProject
Project("{FAE04EC0-301F-11D3-BF4B-00C04F79EFBC}") = "TwoZeroFourEight", "Games\TwoZeroFourEight\TwoZeroFourEight.csproj", "{33F8C226-B2F5-449B-8389-81BEA753ED0C}"
EndProject
Project("{FAE04EC0-301F-11D3-BF4B-00C04F79EFBC}") = "DrawnOut", "Apps\DrawnOut\DrawnOut.csproj", "{0A83E4C8-2660-4004-BA8D-D4BB7C7EB290}"
EndProject
Project("{FAE04EC0-301F-11D3-BF4B-00C04F79EFBC}") = "Maze", "Games\Maze\Maze.csproj", "{D3B787FF-5522-447F-AC1E-0774DD264D04}"
EndProject
Project("{FAE04EC0-301F-11D3-BF4B-00C04F79EFBC}") = "EyeVolume", "Apps\EyeVolume\EyeVolume.csproj", "{05D9AB57-A57F-4488-A603-C9B76F6932C5}"
EndProject
Global
	GlobalSection(SolutionConfigurationPlatforms) = preSolution
		Debug|x64 = Debug|x64
		Release|x64 = Release|x64
	EndGlobalSection
	GlobalSection(ProjectConfigurationPlatforms) = postSolution
		{E517B2E1-D6D9-49BD-8CAF-5371143CF6C2}.Debug|x64.ActiveCfg = Debug|x64
		{E517B2E1-D6D9-49BD-8CAF-5371143CF6C2}.Debug|x64.Build.0 = Debug|x64
		{E517B2E1-D6D9-49BD-8CAF-5371143CF6C2}.Debug|x64.Deploy.0 = Debug|x64
		{E517B2E1-D6D9-49BD-8CAF-5371143CF6C2}.Release|x64.ActiveCfg = Release|x64
		{E517B2E1-D6D9-49BD-8CAF-5371143CF6C2}.Release|x64.Build.0 = Release|x64
		{E517B2E1-D6D9-49BD-8CAF-5371143CF6C2}.Release|x64.Deploy.0 = Release|x64
		{9107A7FF-42DD-4128-9AE0-6EEBFF1EA4E2}.Debug|x64.ActiveCfg = Debug|x64
		{9107A7FF-42DD-4128-9AE0-6EEBFF1EA4E2}.Debug|x64.Build.0 = Debug|x64
		{9107A7FF-42DD-4128-9AE0-6EEBFF1EA4E2}.Debug|x64.Deploy.0 = Debug|x64
		{9107A7FF-42DD-4128-9AE0-6EEBFF1EA4E2}.Release|x64.ActiveCfg = Release|x64
		{9107A7FF-42DD-4128-9AE0-6EEBFF1EA4E2}.Release|x64.Build.0 = Release|x64
		{9107A7FF-42DD-4128-9AE0-6EEBFF1EA4E2}.Release|x64.Deploy.0 = Release|x64
		{71D93D66-8048-4190-8B94-404B80CE542C}.Debug|x64.ActiveCfg = Debug|x64
		{71D93D66-8048-4190-8B94-404B80CE542C}.Debug|x64.Build.0 = Debug|x64
		{71D93D66-8048-4190-8B94-404B80CE542C}.Debug|x64.Deploy.0 = Debug|x64
		{71D93D66-8048-4190-8B94-404B80CE542C}.Release|x64.ActiveCfg = Release|x64
		{71D93D66-8048-4190-8B94-404B80CE542C}.Release|x64.Build.0 = Release|x64
		{71D93D66-8048-4190-8B94-404B80CE542C}.Release|x64.Deploy.0 = Release|x64
		{8D06B06E-A7AF-46D4-9E03-37661920F89A}.Debug|x64.ActiveCfg = Debug|x64
		{8D06B06E-A7AF-46D4-9E03-37661920F89A}.Debug|x64.Build.0 = Debug|x64
		{8D06B06E-A7AF-46D4-9E03-37661920F89A}.Debug|x64.Deploy.0 = Debug|x64
		{8D06B06E-A7AF-46D4-9E03-37661920F89A}.Release|x64.ActiveCfg = Release|x64
		{8D06B06E-A7AF-46D4-9E03-37661920F89A}.Release|x64.Build.0 = Release|x64
		{8D06B06E-A7AF-46D4-9E03-37661920F89A}.Release|x64.Deploy.0 = Release|x64
		{815DC811-1B36-4B60-AE29-1F5F25FB41DC}.Debug|x64.ActiveCfg = Debug|x64
		{815DC811-1B36-4B60-AE29-1F5F25FB41DC}.Debug|x64.Build.0 = Debug|x64
		{815DC811-1B36-4B60-AE29-1F5F25FB41DC}.Debug|x64.Deploy.0 = Debug|x64
		{815DC811-1B36-4B60-AE29-1F5F25FB41DC}.Release|x64.ActiveCfg = Release|x64
		{815DC811-1B36-4B60-AE29-1F5F25FB41DC}.Release|x64.Build.0 = Release|x64
		{815DC811-1B36-4B60-AE29-1F5F25FB41DC}.Release|x64.Deploy.0 = Release|x64
		{5234ACC2-814B-4232-8647-7142E74B9295}.Debug|x64.ActiveCfg = Debug|x64
		{5234ACC2-814B-4232-8647-7142E74B9295}.Debug|x64.Build.0 = Debug|x64
		{5234ACC2-814B-4232-8647-7142E74B9295}.Release|x64.ActiveCfg = Release|x64
		{5234ACC2-814B-4232-8647-7142E74B9295}.Release|x64.Build.0 = Release|x64
		{AA96C0A0-0202-43C1-BD35-4F70D23BE8ED}.Debug|x64.ActiveCfg = Debug|x64
		{AA96C0A0-0202-43C1-BD35-4F70D23BE8ED}.Debug|x64.Build.0 = Debug|x64
		{AA96C0A0-0202-43C1-BD35-4F70D23BE8ED}.Debug|x64.Deploy.0 = Debug|x64
		{AA96C0A0-0202-43C1-BD35-4F70D23BE8ED}.Release|x64.ActiveCfg = Release|x64
		{AA96C0A0-0202-43C1-BD35-4F70D23BE8ED}.Release|x64.Build.0 = Release|x64
		{AA96C0A0-0202-43C1-BD35-4F70D23BE8ED}.Release|x64.Deploy.0 = Release|x64
		{7C684468-F4C8-453E-8A8D-E107B2088908}.Debug|x64.ActiveCfg = Debug|x64
		{7C684468-F4C8-453E-8A8D-E107B2088908}.Debug|x64.Build.0 = Debug|x64
		{7C684468-F4C8-453E-8A8D-E107B2088908}.Debug|x64.Deploy.0 = Debug|x64
		{7C684468-F4C8-453E-8A8D-E107B2088908}.Release|x64.ActiveCfg = Release|x64
		{7C684468-F4C8-453E-8A8D-E107B2088908}.Release|x64.Build.0 = Release|x64
		{7C684468-F4C8-453E-8A8D-E107B2088908}.Release|x64.Deploy.0 = Release|x64
		{D2E1C5D4-BD90-4652-84C7-4B43B5A8D945}.Debug|x64.ActiveCfg = Debug|x64
		{D2E1C5D4-BD90-4652-84C7-4B43B5A8D945}.Debug|x64.Build.0 = Debug|x64
		{D2E1C5D4-BD90-4652-84C7-4B43B5A8D945}.Debug|x64.Deploy.0 = Debug|x64
		{D2E1C5D4-BD90-4652-84C7-4B43B5A8D945}.Release|x64.ActiveCfg = Release|x64
		{D2E1C5D4-BD90-4652-84C7-4B43B5A8D945}.Release|x64.Build.0 = Release|x64
		{D2E1C5D4-BD90-4652-84C7-4B43B5A8D945}.Release|x64.Deploy.0 = Release|x64
		{33F8C226-B2F5-449B-8389-81BEA753ED0C}.Debug|x64.ActiveCfg = Debug|x64
		{33F8C226-B2F5-449B-8389-81BEA753ED0C}.Debug|x64.Build.0 = Debug|x64
		{33F8C226-B2F5-449B-8389-81BEA753ED0C}.Debug|x64.Deploy.0 = Debug|x64
		{33F8C226-B2F5-449B-8389-81BEA753ED0C}.Release|x64.ActiveCfg = Release|x64
		{33F8C226-B2F5-449B-8389-81BEA753ED0C}.Release|x64.Build.0 = Release|x64
		{33F8C226-B2F5-449B-8389-81BEA753ED0C}.Release|x64.Deploy.0 = Release|x64
		{0A83E4C8-2660-4004-BA8D-D4BB7C7EB290}.Debug|x64.ActiveCfg = Debug|x64
		{0A83E4C8-2660-4004-BA8D-D4BB7C7EB290}.Debug|x64.Build.0 = Debug|x64
		{0A83E4C8-2660-4004-BA8D-D4BB7C7EB290}.Debug|x64.Deploy.0 = Debug|x64
		{0A83E4C8-2660-4004-BA8D-D4BB7C7EB290}.Release|x64.ActiveCfg = Release|x64
		{0A83E4C8-2660-4004-BA8D-D4BB7C7EB290}.Release|x64.Build.0 = Release|x64
		{0A83E4C8-2660-4004-BA8D-D4BB7C7EB290}.Release|x64.Deploy.0 = Release|x64
		{D3B787FF-5522-447F-AC1E-0774DD264D04}.Debug|x64.ActiveCfg = Debug|x64
		{D3B787FF-5522-447F-AC1E-0774DD264D04}.Debug|x64.Build.0 = Debug|x64
		{D3B787FF-5522-447F-AC1E-0774DD264D04}.Debug|x64.Deploy.0 = Debug|x64
		{D3B787FF-5522-447F-AC1E-0774DD264D04}.Release|x64.ActiveCfg = Release|x64
		{D3B787FF-5522-447F-AC1E-0774DD264D04}.Release|x64.Build.0 = Release|x64
		{D3B787FF-5522-447F-AC1E-0774DD264D04}.Release|x64.Deploy.0 = Release|x64
		{05D9AB57-A57F-4488-A603-C9B76F6932C5}.Debug|x64.ActiveCfg = Debug|x64
		{05D9AB57-A57F-4488-A603-C9B76F6932C5}.Debug|x64.Build.0 = Debug|x64
		{05D9AB57-A57F-4488-A603-C9B76F6932C5}.Debug|x64.Deploy.0 = Debug|x64
		{05D9AB57-A57F-4488-A603-C9B76F6932C5}.Release|x64.ActiveCfg = Release|x64
		{05D9AB57-A57F-4488-A603-C9B76F6932C5}.Release|x64.Build.0 = Release|x64
		{05D9AB57-A57F-4488-A603-C9B76F6932C5}.Release|x64.Deploy.0 = Release|x64
	EndGlobalSection
	GlobalSection(SolutionProperties) = preSolution
		HideSolutionNode = FALSE
	EndGlobalSection
	GlobalSection(NestedProjects) = preSolution
		{E517B2E1-D6D9-49BD-8CAF-5371143CF6C2} = {6111DFA8-1B3F-447F-BF12-50569369933F}
		{9107A7FF-42DD-4128-9AE0-6EEBFF1EA4E2} = {63D34804-3752-4A32-B282-239553D08276}
		{71D93D66-8048-4190-8B94-404B80CE542C} = {6111DFA8-1B3F-447F-BF12-50569369933F}
		{8D06B06E-A7AF-46D4-9E03-37661920F89A} = {63D34804-3752-4A32-B282-239553D08276}
		{815DC811-1B36-4B60-AE29-1F5F25FB41DC} = {6111DFA8-1B3F-447F-BF12-50569369933F}
		{AA96C0A0-0202-43C1-BD35-4F70D23BE8ED} = {B15AA40C-BB1A-4718-9F6E-4E20008C1D9A}
		{7C684468-F4C8-453E-8A8D-E107B2088908} = {B15AA40C-BB1A-4718-9F6E-4E20008C1D9A}
		{D2E1C5D4-BD90-4652-84C7-4B43B5A8D945} = {B15AA40C-BB1A-4718-9F6E-4E20008C1D9A}
		{33F8C226-B2F5-449B-8389-81BEA753ED0C} = {63D34804-3752-4A32-B282-239553D08276}
		{0A83E4C8-2660-4004-BA8D-D4BB7C7EB290} = {6111DFA8-1B3F-447F-BF12-50569369933F}
		{D3B787FF-5522-447F-AC1E-0774DD264D04} = {63D34804-3752-4A32-B282-239553D08276}
		{05D9AB57-A57F-4488-A603-C9B76F6932C5} = {6111DFA8-1B3F-447F-BF12-50569369933F}
	EndGlobalSection
	GlobalSection(ExtensibilityGlobals) = postSolution
		SolutionGuid = {BFE963A0-B319-42F1-8A82-A2C425F87FE9}
	EndGlobalSection
EndGlobal
